# THIS IS AN AUTOGENERATED FILE. DO NOT EDIT THIS FILE DIRECTLY.
# yarn lockfile v1


"@nervosnetwork/ckb-sdk-core@^0.30.0":
  version "0.30.0"
  resolved "https://registry.yarnpkg.com/@nervosnetwork/ckb-sdk-core/-/ckb-sdk-core-0.30.0.tgz#4a3fcfc446a71d700fa6dae83d3572ca48d4764f"
  integrity sha512-o4aPbFjTQVCuzT+kSij5k7F78OTkAAwT4pehiOXH8IY5WXnzqGeLFMaCqRtJSU2PguhwMOj0kLa8yfrniWIUHw==
  dependencies:
    "@nervosnetwork/ckb-sdk-rpc" "0.30.0"
    "@nervosnetwork/ckb-sdk-utils" "0.30.0"
    "@nervosnetwork/ckb-types" "0.30.0"

"@nervosnetwork/ckb-sdk-rpc@0.30.0":
  version "0.30.0"
  resolved "https://registry.yarnpkg.com/@nervosnetwork/ckb-sdk-rpc/-/ckb-sdk-rpc-0.30.0.tgz#68cfa1e2f73f9d7cc92d11791d8863aa6d42875c"
  integrity sha512-gVRBvT3c+zIyPoVWRvKmtMjvJ03K0cONSVvSZv1ueLr8vu70zpdoxQfejk590WaHUU29HJNBHO6S411SibY09w==
  dependencies:
    "@nervosnetwork/ckb-sdk-utils" "0.30.0"
    axios "0.19.0"

"@nervosnetwork/ckb-sdk-utils@0.30.0":
  version "0.30.0"
  resolved "https://registry.yarnpkg.com/@nervosnetwork/ckb-sdk-utils/-/ckb-sdk-utils-0.30.0.tgz#49e92419084b5f84780d15d3252d226960ebd553"
  integrity sha512-otKuxj3Csu2mcA+766q1MetDrKUTOJwZQ6co9GwHBFPYKOlnKalVS6u11XLCJGtIF6JU2veGyAsGH2ShNb13IQ==
  dependencies:
    "@nervosnetwork/ckb-types" "0.30.0"
    blake2b-wasm "2.1.0"
    elliptic "6.5.2"
    jsbi "3.1.1"

"@nervosnetwork/ckb-types@0.30.0":
  version "0.30.0"
  resolved "https://registry.yarnpkg.com/@nervosnetwork/ckb-types/-/ckb-types-0.30.0.tgz#72ce9f49860f1503dc0ac1ac8dea731834bd8502"
  integrity sha512-3dcLTMuZ+rDieUD7BlUdKhihp3P8sQyp5geexJ4o8ZW4HXG5TMCabIi3J5nWuW+9q00RPW9eZw5hGGs/qzWUuw==

"@types/estree@*":
  version "0.0.45"
  resolved "https://registry.yarnpkg.com/@types/estree/-/estree-0.0.45.tgz#e9387572998e5ecdac221950dab3e8c3b16af884"
  integrity sha512-jnqIUKDUqJbDIUxm0Uj7bnlMnRm1T/eZ9N+AVMqhPgzrba2GhGG5o/jCTwmdPK709nEZsGoMzXEDUjcXHa3W0g==

"@types/node@*":
  version "14.0.14"
  resolved "https://registry.yarnpkg.com/@types/node/-/node-14.0.14.tgz#24a0b5959f16ac141aeb0c5b3cd7a15b7c64cbce"
  integrity sha512-syUgf67ZQpaJj01/tRTknkMNoBBLWJOBODF0Zm4NrXmiSuxjymFrxnTu1QVYRubhVkRcZLYZG8STTwJRdVm/WQ==

acorn@^7.1.0:
  version "7.3.1"
  resolved "https://registry.yarnpkg.com/acorn/-/acorn-7.3.1.tgz#85010754db53c3fbaf3b9ea3e083aa5c5d147ffd"
  integrity sha512-tLc0wSnatxAQHVHUapaHdz72pi9KUyHjq5KyHjGg9Y8Ifdc79pTh2XvI6I1/chZbnM7QtNKzh66ooDogPZSleA==

axios@0.19.0:
  version "0.19.0"
  resolved "https://registry.yarnpkg.com/axios/-/axios-0.19.0.tgz#8e09bff3d9122e133f7b8101c8fbdd00ed3d2ab8"
  integrity sha512-1uvKqKQta3KBxIz14F2v06AEHZ/dIoeKfbTRkK1E5oqjDnuEerLmYTgJB5AiQZHJcljpg1TuRzdjDR06qNk0DQ==
  dependencies:
    follow-redirects "1.5.10"
    is-buffer "^2.0.2"

blake2b-wasm@2.1.0:
  version "2.1.0"
  resolved "https://registry.yarnpkg.com/blake2b-wasm/-/blake2b-wasm-2.1.0.tgz#aa90ed687b8a92e1c01d1643db86bcf21caa2ab7"
  integrity sha512-8zKXt9nk4cUCBU2jaUcSYcPA+UESwWOmb9Gsi8J35BifVb+tjVmbDhZbvmVmZEk6xZN1y35RNW6VqOwb0mkqsg==
  dependencies:
    nanoassert "^1.0.0"

bn.js@^4.4.0:
  version "4.11.9"
  resolved "https://registry.yarnpkg.com/bn.js/-/bn.js-4.11.9.tgz#26d556829458f9d1e81fc48952493d0ba3507828"
  integrity sha512-E6QoYqCKZfgatHTdHzs1RRKP7ip4vvm+EyRUeE2RF0NblwVvb0p6jSVeNTOFxPn26QXN2o6SMfNxKp6kU8zQaw==

brorand@^1.0.1:
  version "1.1.0"
  resolved "https://registry.yarnpkg.com/brorand/-/brorand-1.1.0.tgz#12c25efe40a45e3c323eb8675a0a0ce57b22371f"
  integrity sha1-EsJe/kCkXjwyPrhnWgoM5XsiNx8=

ckb-js-toolkit@^0.9.1:
  version "0.9.1"
  resolved "https://registry.yarnpkg.com/ckb-js-toolkit/-/ckb-js-toolkit-0.9.1.tgz#a4be430f2dd2916f242161824ea05330310e7695"
  integrity sha512-fGMd1WZjafjOkBHFmmsn4vBQb2UPZ4AyMXWLRvGggncpjUoXuonE6GEh8IQQ3Z7CfLpNgDZ/KTznZhvIptuqTA==
  dependencies:
    cross-fetch "^3.0.4"
    jsbi "^3.1.2"

crc32@^0.2.2:
  version "0.2.2"
  resolved "https://registry.yarnpkg.com/crc32/-/crc32-0.2.2.tgz#7ad220d6ffdcd119f9fc127a7772cacea390a4ba"
  integrity sha1-etIg1v/c0Rn5/BJ6d3LKzqOQpLo=

cross-fetch@^3.0.4:
  version "3.0.5"
  resolved "https://registry.yarnpkg.com/cross-fetch/-/cross-fetch-3.0.5.tgz#2739d2981892e7ab488a7ad03b92df2816e03f4c"
  integrity sha512-FFLcLtraisj5eteosnX1gf01qYDCOc4fDy0+euOt8Kn9YBY2NtXL/pCoYPavw24NIQkQqm5ZOLsGD5Zzj0gyew==
  dependencies:
    node-fetch "2.6.0"

debug@=3.1.0:
  version "3.1.0"
  resolved "https://registry.yarnpkg.com/debug/-/debug-3.1.0.tgz#5bb5a0672628b64149566ba16819e61518c67261"
  integrity sha512-OX8XqP7/1a9cqkxYw2yXss15f26NKWBpDXQd0/uK/KPqdQhxbPa994hnzjcE2VqQpDslf55723cKPUOGSmMY3g==
  dependencies:
    ms "2.0.0"

elliptic@6.5.2:
  version "6.5.2"
  resolved "https://registry.yarnpkg.com/elliptic/-/elliptic-6.5.2.tgz#05c5678d7173c049d8ca433552224a495d0e3762"
  integrity sha512-f4x70okzZbIQl/NSRLkI/+tteV/9WqL98zx+SQ69KbXxmVrmjwsNUPn/gYJJ0sHvEak24cZgHIPegRePAtA/xw==
  dependencies:
    bn.js "^4.4.0"
    brorand "^1.0.1"
    hash.js "^1.0.0"
    hmac-drbg "^1.0.0"
    inherits "^2.0.1"
    minimalistic-assert "^1.0.0"
    minimalistic-crypto-utils "^1.0.0"

follow-redirects@1.5.10:
  version "1.5.10"
  resolved "https://registry.yarnpkg.com/follow-redirects/-/follow-redirects-1.5.10.tgz#7b7a9f9aea2fdff36786a94ff643ed07f4ff5e2a"
  integrity sha512-0V5l4Cizzvqt5D44aTXbFZz+FtyXV1vrDN6qrelxtfYQKW0KO0W2T/hkE8xvGa/540LkZlkaUjO4ailYTFtHVQ==
  dependencies:
    debug "=3.1.0"

hash.js@^1.0.0, hash.js@^1.0.3:
  version "1.1.7"
  resolved "https://registry.yarnpkg.com/hash.js/-/hash.js-1.1.7.tgz#0babca538e8d4ee4a0f8988d68866537a003cf42"
  integrity sha512-taOaskGt4z4SOANNseOviYDvjEJinIkRgmp7LbKP2YTTmVxWBl87s/uzK9r+44BclBSp2X7K1hqeNfz9JbBeXA==
  dependencies:
    inherits "^2.0.3"
    minimalistic-assert "^1.0.1"

hmac-drbg@^1.0.0:
  version "1.0.1"
  resolved "https://registry.yarnpkg.com/hmac-drbg/-/hmac-drbg-1.0.1.tgz#d2745701025a6c775a6c545793ed502fc0c649a1"
  integrity sha1-0nRXAQJabHdabFRXk+1QL8DGSaE=
  dependencies:
    hash.js "^1.0.3"
    minimalistic-assert "^1.0.0"
    minimalistic-crypto-utils "^1.0.1"

inherits@^2.0.1, inherits@^2.0.3:
  version "2.0.4"
  resolved "https://registry.yarnpkg.com/inherits/-/inherits-2.0.4.tgz#0fa2c64f932917c3433a0ded55363aae37416b7c"
  integrity sha512-k/vGaX4/Yla3WzyMCvTQOXYeIHvqOKtnqBduzTHpzpQZzAskKMhZ2K+EnBiSM9zGSoIFeMpXKxa4dYeZIQqewQ==

is-buffer@^2.0.2:
  version "2.0.4"
  resolved "https://registry.yarnpkg.com/is-buffer/-/is-buffer-2.0.4.tgz#3e572f23c8411a5cfd9557c849e3665e0b290623"
  integrity sha512-Kq1rokWXOPXWuaMAqZiJW4XxsmD9zGx9q4aePabbn3qCRGedtH7Cm+zV8WETitMfu1wdh+Rvd6w5egwSngUX2A==

jsbi@3.1.1:
  version "3.1.1"
  resolved "https://registry.yarnpkg.com/jsbi/-/jsbi-3.1.1.tgz#8ea18b3e08d102c6cc09acaa9a099921d775f4fa"
  integrity sha512-+HQESPaV0mRiH614z4JPVPAftcRC2p53x92lySPzUzFwJbJTMpzHz8OYUkcXPN3fOcHUe0NdVcHnCtX/1+eCrA==

jsbi@^3.1.2:
  version "3.1.3"
  resolved "https://registry.yarnpkg.com/jsbi/-/jsbi-3.1.3.tgz#f024b340032f7c7caaa6ca4b32b55e8d33f6e897"
  integrity sha512-nBJqA0C6Qns+ZxurbEoIR56wyjiUszpNy70FHvxO5ervMoCbZVE3z3kxr5nKGhlxr/9MhKTSUBs7cAwwuf3g9w==

lodash@^4.17.21:
  version "4.17.21"
  resolved "https://registry.yarnpkg.com/lodash/-/lodash-4.17.21.tgz#679591c564c3bffaae8454cf0b3df370c3d6911c"
  integrity sha512-v2kDEe57lecTulaDIuNTPy3Ry4gLGJ6Z1O3vE1krgXZNrsQ+LFTGHVxVjcXPs17LhbZVGedAJv8XZ1tvj5FvSg==

minimalistic-assert@^1.0.0, minimalistic-assert@^1.0.1:
  version "1.0.1"
  resolved "https://registry.yarnpkg.com/minimalistic-assert/-/minimalistic-assert-1.0.1.tgz#2e194de044626d4a10e7f7fbc00ce73e83e4d5c7"
  integrity sha512-UtJcAD4yEaGtjPezWuO9wC4nwUnVH/8/Im3yEHQP4b67cXlD/Qr9hdITCU1xDbSEXg2XKNaP8jsReV7vQd00/A==

minimalistic-crypto-utils@^1.0.0, minimalistic-crypto-utils@^1.0.1:
  version "1.0.1"
  resolved "https://registry.yarnpkg.com/minimalistic-crypto-utils/-/minimalistic-crypto-utils-1.0.1.tgz#f6c00c1c0b082246e5c4d99dfb8c7c083b2b582a"
  integrity sha1-9sAMHAsIIkblxNmd+4x8CDsrWCo=

molecule-javascript@0.1.5:
  version "0.1.5"
  resolved "https://registry.yarnpkg.com/molecule-javascript/-/molecule-javascript-0.1.5.tgz#b20377f27c75a2068609950a5d0a9dc5fd98dca1"
  integrity sha512-DxO34BMBTMdNaTNW/l0iSiAkN1/PfHgboyaoGsbQLeJdxeaaOl6LuHCUnUzirrMHATdSKqIFK6Jx+vypc9Y4kA==

ms@2.0.0:
  version "2.0.0"
  resolved "https://registry.yarnpkg.com/ms/-/ms-2.0.0.tgz#5608aeadfc00be6c2901df5f9861788de0d597c8"
  integrity sha1-VgiurfwAvmwpAd9fmGF4jeDVl8g=

nanoassert@^1.0.0:
  version "1.1.0"
  resolved "https://registry.yarnpkg.com/nanoassert/-/nanoassert-1.1.0.tgz#4f3152e09540fde28c76f44b19bbcd1d5a42478d"
  integrity sha1-TzFS4JVA/eKMdvRLGbvNHVpCR40=

node-fetch@2.6.0:
  version "2.6.0"
  resolved "https://registry.yarnpkg.com/node-fetch/-/node-fetch-2.6.0.tgz#e633456386d4aa55863f676a7ab0daa8fdecb0fd"
  integrity sha512-8dG4H5ujfvFiqDmVu9fQ5bOHUC15JMjMY/Zumv26oOvvVJjM67KF8koCWIabKQ1GJIa9r2mMZscBq/TbdOcmNA==

rollup@^1.32.0:
  version "1.32.1"
  resolved "https://registry.yarnpkg.com/rollup/-/rollup-1.32.1.tgz#4480e52d9d9e2ae4b46ba0d9ddeaf3163940f9c4"
  integrity sha512-/2HA0Ec70TvQnXdzynFffkjA6XN+1e2pEv/uKS5Ulca40g2L7KuOE3riasHoNVHOsFD5KKZgDsMk1CP3Tw9s+A==
  dependencies:
    "@types/estree" "*"
    "@types/node" "*"
    acorn "^7.1.0"
